
Microsoft Visual Studio Solution File, Format Version 12.00
# Visual Studio Version 17
VisualStudioVersion = 17.5.33516.290
MinimumVisualStudioVersion = 10.0.40219.1
Project("{FAE04EC0-301F-11D3-BF4B-00C04F79EFBC}") = "Pokemon Battle Simulator", "Pokemon Battle Simulator\Pokemon Battle Simulator.csproj", "{C9BCCE7D-C6B5-46F3-9810-0462CB77E974}"
EndProject
Global
	GlobalSection(SolutionConfigurationPlatforms) = preSolution
		Debug|Any CPU = Debug|Any CPU
		Release|Any CPU = Release|Any CPU
	EndGlobalSection
	GlobalSection(ProjectConfigurationPlatforms) = postSolution
		{C9BCCE7D-C6B5-46F3-9810-0462CB77E974}.Debug|Any CPU.ActiveCfg = Debug|Any CPU
		{C9BCCE7D-C6B5-46F3-9810-0462CB77E974}.Debug|Any CPU.Build.0 = Debug|Any CPU
		{C9BCCE7D-C6B5-46F3-9810-0462CB77E974}.Release|Any CPU.ActiveCfg = Release|Any CPU
		{C9BCCE7D-C6B5-46F3-9810-0462CB77E974}.Release|Any CPU.Build.0 = Release|Any CPU
	EndGlobalSection
	GlobalSection(SolutionProperties) = preSolution
		HideSolutionNode = FALSE
	EndGlobalSection
	GlobalSection(ExtensibilityGlobals) = postSolution
		SolutionGuid = {1218EADC-9F91-461B-A79E-8D2DC246F164}
	EndGlobalSection
EndGlobal
